
Microsoft Visual Studio Solution File, Format Version 12.00
# Visual Studio 15
VisualStudioVersion = 15.0.33529.398
MinimumVisualStudioVersion = 10.0.40219.1
Project("{FAE04EC0-301F-11D3-BF4B-00C04F79EFBC}") = "Buff163Prices", "Buff163Prices\Buff163Prices.csproj", "{6C6E641A-880E-46A2-B397-0B9DEFC8FFAD}"
EndProject
Global
	GlobalSection(SolutionConfigurationPlatforms) = preSolution
		Debug|Any CPU = Debug|Any CPU
		Release|Any CPU = Release|Any CPU
	EndGlobalSection
	GlobalSection(ProjectConfigurationPlatforms) = postSolution
		{6C6E641A-880E-46A2-B397-0B9DEFC8FFAD}.Debug|Any CPU.ActiveCfg = Debug|Any CPU
		{6C6E641A-880E-46A2-B397-0B9DEFC8FFAD}.Debug|Any CPU.Build.0 = Debug|Any CPU
		{6C6E641A-880E-46A2-B397-0B9DEFC8FFAD}.Release|Any CPU.ActiveCfg = Release|Any CPU
		{6C6E641A-880E-46A2-B397-0B9DEFC8FFAD}.Release|Any CPU.Build.0 = Release|Any CPU
	EndGlobalSection
	GlobalSection(SolutionProperties) = preSolution
		HideSolutionNode = FALSE
	EndGlobalSection
	GlobalSection(ExtensibilityGlobals) = postSolution
		SolutionGuid = {B80FA6E8-3DDF-441E-9B0B-2745B24BD6E6}
	EndGlobalSection
EndGlobal
